
Microsoft Visual Studio Solution File, Format Version 12.00
# Visual Studio Version 17
VisualStudioVersion = 17.7.34018.315
MinimumVisualStudioVersion = 10.0.40219.1
Project("{9A19103F-16F7-4668-BE54-9A1E7A4F7556}") = "WebApplication1", "WebApplication1\WebApplication1.csproj", "{1D72FAC3-405A-47C6-8FEA-081216BC9FFA}"
EndProject
Project("{9A19103F-16F7-4668-BE54-9A1E7A4F7556}") = "DataAccess", "DataAccess\DataAccess.csproj", "{763712CF-5E6F-45D9-A8E0-561E30990F1F}"
EndProject
Project("{9A19103F-16F7-4668-BE54-9A1E7A4F7556}") = "Domain", "Domain\Domain.csproj", "{7BBEB198-B8A7-474D-B583-25A076720CA0}"
EndProject
Project("{9A19103F-16F7-4668-BE54-9A1E7A4F7556}") = "BusinessLogic", "BusinessLogic\BusinessLogic.csproj", "{9F22BAEA-2C62-430A-9D2E-170E410EBC20}"
EndProject
Project("{FAE04EC0-301F-11D3-BF4B-00C04F79EFBC}") = "BusinessLogic.Tests", "BusinessLogic.Tests\BusinessLogic.Tests.csproj", "{9EFC8CA8-10C2-4043-B547-F54CA4CF08BA}"
EndProject
Project("{2150E333-8FDC-42A3-9474-1A3956D46DE8}") = "src", "src", "{3F5BBBE8-39D1-4DB3-96AA-64AA5BAB14F5}"
EndProject
Project("{2150E333-8FDC-42A3-9474-1A3956D46DE8}") = "Элементы решения", "Элементы решения", "{1ACC77BC-C30F-4926-A139-9A1112D69796}"
	ProjectSection(SolutionItems) = preProject
		.editorconfig = .editorconfig
	EndProjectSection
EndProject
Project("{2150E333-8FDC-42A3-9474-1A3956D46DE8}") = "test", "test", "{F182D641-F444-4F86-BBAE-81EB297947B8}"
EndProject
Global
	GlobalSection(SolutionConfigurationPlatforms) = preSolution
		Debug|Any CPU = Debug|Any CPU
		Release|Any CPU = Release|Any CPU
	EndGlobalSection
	GlobalSection(ProjectConfigurationPlatforms) = postSolution
		{1D72FAC3-405A-47C6-8FEA-081216BC9FFA}.Debug|Any CPU.ActiveCfg = Debug|Any CPU
		{1D72FAC3-405A-47C6-8FEA-081216BC9FFA}.Debug|Any CPU.Build.0 = Debug|Any CPU
		{1D72FAC3-405A-47C6-8FEA-081216BC9FFA}.Release|Any CPU.ActiveCfg = Release|Any CPU
		{1D72FAC3-405A-47C6-8FEA-081216BC9FFA}.Release|Any CPU.Build.0 = Release|Any CPU
		{763712CF-5E6F-45D9-A8E0-561E30990F1F}.Debug|Any CPU.ActiveCfg = Debug|Any CPU
		{763712CF-5E6F-45D9-A8E0-561E30990F1F}.Debug|Any CPU.Build.0 = Debug|Any CPU
		{763712CF-5E6F-45D9-A8E0-561E30990F1F}.Release|Any CPU.ActiveCfg = Release|Any CPU
		{763712CF-5E6F-45D9-A8E0-561E30990F1F}.Release|Any CPU.Build.0 = Release|Any CPU
		{7BBEB198-B8A7-474D-B583-25A076720CA0}.Debug|Any CPU.ActiveCfg = Debug|Any CPU
		{7BBEB198-B8A7-474D-B583-25A076720CA0}.Debug|Any CPU.Build.0 = Debug|Any CPU
		{7BBEB198-B8A7-474D-B583-25A076720CA0}.Release|Any CPU.ActiveCfg = Release|Any CPU
		{7BBEB198-B8A7-474D-B583-25A076720CA0}.Release|Any CPU.Build.0 = Release|Any CPU
		{9F22BAEA-2C62-430A-9D2E-170E410EBC20}.Debug|Any CPU.ActiveCfg = Debug|Any CPU
		{9F22BAEA-2C62-430A-9D2E-170E410EBC20}.Debug|Any CPU.Build.0 = Debug|Any CPU
		{9F22BAEA-2C62-430A-9D2E-170E410EBC20}.Release|Any CPU.ActiveCfg = Release|Any CPU
		{9F22BAEA-2C62-430A-9D2E-170E410EBC20}.Release|Any CPU.Build.0 = Release|Any CPU
		{9EFC8CA8-10C2-4043-B547-F54CA4CF08BA}.Debug|Any CPU.ActiveCfg = Debug|Any CPU
		{9EFC8CA8-10C2-4043-B547-F54CA4CF08BA}.Debug|Any CPU.Build.0 = Debug|Any CPU
		{9EFC8CA8-10C2-4043-B547-F54CA4CF08BA}.Release|Any CPU.ActiveCfg = Release|Any CPU
		{9EFC8CA8-10C2-4043-B547-F54CA4CF08BA}.Release|Any CPU.Build.0 = Release|Any CPU
	EndGlobalSection
	GlobalSection(SolutionProperties) = preSolution
		HideSolutionNode = FALSE
	EndGlobalSection
	GlobalSection(NestedProjects) = preSolution
		{1D72FAC3-405A-47C6-8FEA-081216BC9FFA} = {3F5BBBE8-39D1-4DB3-96AA-64AA5BAB14F5}
		{763712CF-5E6F-45D9-A8E0-561E30990F1F} = {3F5BBBE8-39D1-4DB3-96AA-64AA5BAB14F5}
		{7BBEB198-B8A7-474D-B583-25A076720CA0} = {3F5BBBE8-39D1-4DB3-96AA-64AA5BAB14F5}
		{9F22BAEA-2C62-430A-9D2E-170E410EBC20} = {3F5BBBE8-39D1-4DB3-96AA-64AA5BAB14F5}
		{9EFC8CA8-10C2-4043-B547-F54CA4CF08BA} = {F182D641-F444-4F86-BBAE-81EB297947B8}
	EndGlobalSection
	GlobalSection(ExtensibilityGlobals) = postSolution
		SolutionGuid = {BDB96031-D5C3-4F09-9B34-6C9BE4C9E0FD}
	EndGlobalSection
EndGlobal
